github.com/maximiliantech/advent-of-code/2022-go v0.0.0-20231224162459-1ea514cb73c3 h1:X6p8yEPNUBsmVsqfHMzKwy+4uhE4muMzkaPHwIPXTwI=
github.com/maximiliantech/advent-of-code/2022-go v0.0.0-20231224162459-1ea514cb73c3/go.mod h1:JJZDaOaFu7nV+zTj5jg4guMjCznHNrUHGvPXLZv2tYg=
gonum.org/v1/gonum v0.15.1 h1:FNy7N6OUZVUaWG9pTiD+jlhdQ3lMP+/LcTpJ6+a8sQ0=
gonum.org/v1/gonum v0.15.1/go.mod h1:eZTZuRFrzu5pcyjN5wJhcIhnUdNijYxX1T2IcrOGY0o=
